
Microsoft Visual Studio Solution File, Format Version 12.00
# Visual Studio Version 16
VisualStudioVersion = 16.0.30114.105
MinimumVisualStudioVersion = 10.0.40219.1
Project("{FAE04EC0-301F-11D3-BF4B-00C04F79EFBC}") = "DevIO.Business", "DevIO.Business\DevIO.Business.csproj", "{FF518B0D-CF56-40EC-9525-DD88512288B2}"
EndProject
Project("{FAE04EC0-301F-11D3-BF4B-00C04F79EFBC}") = "DevIO.Data", "DevIO.Data\DevIO.Data.csproj", "{4575C05B-64BE-401A-92D5-C81E67D0B882}"
EndProject
Project("{FAE04EC0-301F-11D3-BF4B-00C04F79EFBC}") = "api", "api\api.csproj", "{8FAD533F-D147-424C-B511-7FFA32B36820}"
EndProject
Global
	GlobalSection(SolutionConfigurationPlatforms) = preSolution
		Debug|Any CPU = Debug|Any CPU
		Release|Any CPU = Release|Any CPU
	EndGlobalSection
	GlobalSection(SolutionProperties) = preSolution
		HideSolutionNode = FALSE
	EndGlobalSection
	GlobalSection(ProjectConfigurationPlatforms) = postSolution
		{FF518B0D-CF56-40EC-9525-DD88512288B2}.Debug|Any CPU.ActiveCfg = Debug|Any CPU
		{FF518B0D-CF56-40EC-9525-DD88512288B2}.Debug|Any CPU.Build.0 = Debug|Any CPU
		{FF518B0D-CF56-40EC-9525-DD88512288B2}.Release|Any CPU.ActiveCfg = Release|Any CPU
		{FF518B0D-CF56-40EC-9525-DD88512288B2}.Release|Any CPU.Build.0 = Release|Any CPU
		{4575C05B-64BE-401A-92D5-C81E67D0B882}.Debug|Any CPU.ActiveCfg = Debug|Any CPU
		{4575C05B-64BE-401A-92D5-C81E67D0B882}.Debug|Any CPU.Build.0 = Debug|Any CPU
		{4575C05B-64BE-401A-92D5-C81E67D0B882}.Release|Any CPU.ActiveCfg = Release|Any CPU
		{4575C05B-64BE-401A-92D5-C81E67D0B882}.Release|Any CPU.Build.0 = Release|Any CPU
		{8FAD533F-D147-424C-B511-7FFA32B36820}.Debug|Any CPU.ActiveCfg = Debug|Any CPU
		{8FAD533F-D147-424C-B511-7FFA32B36820}.Debug|Any CPU.Build.0 = Debug|Any CPU
		{8FAD533F-D147-424C-B511-7FFA32B36820}.Release|Any CPU.ActiveCfg = Release|Any CPU
		{8FAD533F-D147-424C-B511-7FFA32B36820}.Release|Any CPU.Build.0 = Release|Any CPU
	EndGlobalSection
EndGlobal
